
Microsoft Visual Studio Solution File, Format Version 12.00
# Visual Studio Version 17
VisualStudioVersion = 17.5.33530.505
MinimumVisualStudioVersion = 10.0.40219.1
Project("{54A90642-561A-4BB1-A94E-469ADEE60C69}") = "angularapp", "angularapp\angularapp.esproj", "{FADC03BD-FD6A-496C-A04F-3E3790356E72}"
EndProject
Project("{9A19103F-16F7-4668-BE54-9A1E7A4F7556}") = "webapi", "webapi\webapi.csproj", "{6BA5F349-AE4C-442F-915B-29F7BA94137F}"
EndProject
Global
	GlobalSection(SolutionConfigurationPlatforms) = preSolution
		Debug|Any CPU = Debug|Any CPU
		Release|Any CPU = Release|Any CPU
	EndGlobalSection
	GlobalSection(ProjectConfigurationPlatforms) = postSolution
		{FADC03BD-FD6A-496C-A04F-3E3790356E72}.Debug|Any CPU.ActiveCfg = Debug|Any CPU
		{FADC03BD-FD6A-496C-A04F-3E3790356E72}.Debug|Any CPU.Build.0 = Debug|Any CPU
		{FADC03BD-FD6A-496C-A04F-3E3790356E72}.Debug|Any CPU.Deploy.0 = Debug|Any CPU
		{FADC03BD-FD6A-496C-A04F-3E3790356E72}.Release|Any CPU.ActiveCfg = Release|Any CPU
		{FADC03BD-FD6A-496C-A04F-3E3790356E72}.Release|Any CPU.Build.0 = Release|Any CPU
		{FADC03BD-FD6A-496C-A04F-3E3790356E72}.Release|Any CPU.Deploy.0 = Release|Any CPU
		{6BA5F349-AE4C-442F-915B-29F7BA94137F}.Debug|Any CPU.ActiveCfg = Debug|Any CPU
		{6BA5F349-AE4C-442F-915B-29F7BA94137F}.Debug|Any CPU.Build.0 = Debug|Any CPU
		{6BA5F349-AE4C-442F-915B-29F7BA94137F}.Release|Any CPU.ActiveCfg = Release|Any CPU
		{6BA5F349-AE4C-442F-915B-29F7BA94137F}.Release|Any CPU.Build.0 = Release|Any CPU
	EndGlobalSection
	GlobalSection(SolutionProperties) = preSolution
		HideSolutionNode = FALSE
	EndGlobalSection
	GlobalSection(ExtensibilityGlobals) = postSolution
		SolutionGuid = {5B28F566-1DA8-4A8A-AE59-1D64BBF704B6}
	EndGlobalSection
EndGlobal
